<Solution>
  <Folder Name="/src/">
    <Project Path="src/Core/Core.csproj" />
  </Folder>
  <Folder Name="/src/MiniMods/">
    <Project Path="src/MiniMods/ExampleMiniMod/ExampleMiniMod.csproj" />
    <Project Path="src/MiniMods/Quests/Quests.csproj" />
    <Project Path="src/MiniMods/RarityLoot/RarityLoot.csproj" />
    <Project Path="src/MiniMods/WeightTweaks/WeightTweaks.csproj" />
  </Folder>
</Solution>
